
Microsoft Visual Studio Solution File, Format Version 12.00
# Visual Studio Version 16
VisualStudioVersion = 16.0.30114.105
MinimumVisualStudioVersion = 10.0.40219.1
Project("{8BC9CEB8-8B4A-11D0-8D11-00A0C91BC942}") = "InvertBinaryTree", "InvertBinaryTree\InvertBinaryTree.vcxproj", "{80DF9D4D-251A-4113-B192-F5DA09065483}"
EndProject
Global
	GlobalSection(SolutionConfigurationPlatforms) = preSolution
		Debug|x64 = Debug|x64
		Debug|x86 = Debug|x86
		Release|x64 = Release|x64
		Release|x86 = Release|x86
	EndGlobalSection
	GlobalSection(ProjectConfigurationPlatforms) = postSolution
		{80DF9D4D-251A-4113-B192-F5DA09065483}.Debug|x64.ActiveCfg = Debug|x64
		{80DF9D4D-251A-4113-B192-F5DA09065483}.Debug|x64.Build.0 = Debug|x64
		{80DF9D4D-251A-4113-B192-F5DA09065483}.Debug|x86.ActiveCfg = Debug|Win32
		{80DF9D4D-251A-4113-B192-F5DA09065483}.Debug|x86.Build.0 = Debug|Win32
		{80DF9D4D-251A-4113-B192-F5DA09065483}.Release|x64.ActiveCfg = Release|x64
		{80DF9D4D-251A-4113-B192-F5DA09065483}.Release|x64.Build.0 = Release|x64
		{80DF9D4D-251A-4113-B192-F5DA09065483}.Release|x86.ActiveCfg = Release|Win32
		{80DF9D4D-251A-4113-B192-F5DA09065483}.Release|x86.Build.0 = Release|Win32
	EndGlobalSection
	GlobalSection(SolutionProperties) = preSolution
		HideSolutionNode = FALSE
	EndGlobalSection
	GlobalSection(ExtensibilityGlobals) = postSolution
		SolutionGuid = {C28C14F9-173D-48FF-8347-B0345537A03A}
	EndGlobalSection
EndGlobal
